// !$*UTF8*$!
{
	archiveVersion = 1;
	classes = {
	};
	objectVersion = 46;
	objects = {

/* Begin PBXBuildFile section */
		7643087614AF9C5900327276 /* Myron.cpp in Sources */ = {isa = PBXBuildFile; fileRef = 7643087514AF9C5900327276 /* Myron.cpp */; };
		76675FC1149C533800EBA3A4 /* Cocoa.framework in Frameworks */ = {isa = PBXBuildFile; fileRef = 76675FC0149C533800EBA3A4 /* Cocoa.framework */; };
		76675FE0149C536700EBA3A4 /* Myron-Mac.mm in Sources */ = {isa = PBXBuildFile; fileRef = 76675FDF149C536700EBA3A4 /* Myron-Mac.mm */; };
		76675FE7149C62BD00EBA3A4 /* main.cpp in Sources */ = {isa = PBXBuildFile; fileRef = 76675FE6149C62BD00EBA3A4 /* main.cpp */; };
		76675FF3149D390000EBA3A4 /* NSApp.mm in Sources */ = {isa = PBXBuildFile; fileRef = 76675FF2149D390000EBA3A4 /* NSApp.mm */; };
		766F66AA149FB85F003D5ACA /* NSApp-Menus.mm in Sources */ = {isa = PBXBuildFile; fileRef = 76675FF8149D5EE200EBA3A4 /* NSApp-Menus.mm */; };
		76711B9A14A10A48003A190E /* CoreVideo.framework in Frameworks */ = {isa = PBXBuildFile; fileRef = 76711B9914A10A48003A190E /* CoreVideo.framework */; };
		76711B9D14A10A51003A190E /* OpenGL.framework in Frameworks */ = {isa = PBXBuildFile; fileRef = 76711B9C14A10A51003A190E /* OpenGL.framework */; };
		769AC32A14A37170005430D6 /* MyronView.mm in Sources */ = {isa = PBXBuildFile; fileRef = 769AC32914A37170005430D6 /* MyronView.mm */; };
/* End PBXBuildFile section */

/* Begin PBXFileReference section */
		7643087514AF9C5900327276 /* Myron.cpp */ = {isa = PBXFileReference; fileEncoding = 4; lastKnownFileType = sourcecode.cpp.cpp; name = Myron.cpp; path = Myron/Myron.cpp; sourceTree = "<group>"; };
		76675FBC149C533800EBA3A4 /* Myron.app */ = {isa = PBXFileReference; explicitFileType = wrapper.application; includeInIndex = 0; path = Myron.app; sourceTree = BUILT_PRODUCTS_DIR; };
		76675FC0149C533800EBA3A4 /* Cocoa.framework */ = {isa = PBXFileReference; lastKnownFileType = wrapper.framework; name = Cocoa.framework; path = System/Library/Frameworks/Cocoa.framework; sourceTree = SDKROOT; };
		76675FC3149C533800EBA3A4 /* AppKit.framework */ = {isa = PBXFileReference; lastKnownFileType = wrapper.framework; name = AppKit.framework; path = System/Library/Frameworks/AppKit.framework; sourceTree = SDKROOT; };
		76675FC4149C533800EBA3A4 /* CoreData.framework */ = {isa = PBXFileReference; lastKnownFileType = wrapper.framework; name = CoreData.framework; path = System/Library/Frameworks/CoreData.framework; sourceTree = SDKROOT; };
		76675FC5149C533800EBA3A4 /* Foundation.framework */ = {isa = PBXFileReference; lastKnownFileType = wrapper.framework; name = Foundation.framework; path = System/Library/Frameworks/Foundation.framework; sourceTree = SDKROOT; };
		76675FC8149C533800EBA3A4 /* Myron-Info.plist */ = {isa = PBXFileReference; lastKnownFileType = text.plist.xml; name = "Myron-Info.plist"; path = "MacOS/Myron-Info.plist"; sourceTree = "<group>"; };
		76675FDE149C535600EBA3A4 /* Myron.h */ = {isa = PBXFileReference; fileEncoding = 4; lastKnownFileType = sourcecode.c.h; name = Myron.h; path = Myron/Myron.h; sourceTree = "<group>"; };
		76675FDF149C536700EBA3A4 /* Myron-Mac.mm */ = {isa = PBXFileReference; fileEncoding = 4; lastKnownFileType = sourcecode.cpp.objcpp; name = "Myron-Mac.mm"; path = "Myron/MacOS/Myron-Mac.mm"; sourceTree = "<group>"; };
		76675FE6149C62BD00EBA3A4 /* main.cpp */ = {isa = PBXFileReference; fileEncoding = 4; lastKnownFileType = sourcecode.cpp.cpp; path = main.cpp; sourceTree = "<group>"; };
		76675FF2149D390000EBA3A4 /* NSApp.mm */ = {isa = PBXFileReference; fileEncoding = 4; lastKnownFileType = sourcecode.cpp.objcpp; name = NSApp.mm; path = Myron/MacOS/NSApp.mm; sourceTree = "<group>"; };
		76675FF5149D458F00EBA3A4 /* NSApp.h */ = {isa = PBXFileReference; fileEncoding = 4; lastKnownFileType = sourcecode.c.h; name = NSApp.h; path = Myron/MacOS/NSApp.h; sourceTree = "<group>"; };
		76675FF6149D45CD00EBA3A4 /* Myron-Mac.h */ = {isa = PBXFileReference; fileEncoding = 4; lastKnownFileType = sourcecode.c.h; name = "Myron-Mac.h"; path = "Myron/MacOS/Myron-Mac.h"; sourceTree = "<group>"; };
		76675FF7149D5E2700EBA3A4 /* NSApp-Menus.h */ = {isa = PBXFileReference; fileEncoding = 4; lastKnownFileType = sourcecode.c.h; name = "NSApp-Menus.h"; path = "Myron/MacOS/NSApp-Menus.h"; sourceTree = "<group>"; };
		76675FF8149D5EE200EBA3A4 /* NSApp-Menus.mm */ = {isa = PBXFileReference; fileEncoding = 4; lastKnownFileType = sourcecode.cpp.objcpp; name = "NSApp-Menus.mm"; path = "Myron/MacOS/NSApp-Menus.mm"; sourceTree = "<group>"; };
		76711B9914A10A48003A190E /* CoreVideo.framework */ = {isa = PBXFileReference; lastKnownFileType = wrapper.framework; name = CoreVideo.framework; path = System/Library/Frameworks/CoreVideo.framework; sourceTree = SDKROOT; };
		76711B9C14A10A51003A190E /* OpenGL.framework */ = {isa = PBXFileReference; lastKnownFileType = wrapper.framework; name = OpenGL.framework; path = System/Library/Frameworks/OpenGL.framework; sourceTree = SDKROOT; };
		769AC32814A37170005430D6 /* MyronView.h */ = {isa = PBXFileReference; fileEncoding = 4; lastKnownFileType = sourcecode.c.h; name = MyronView.h; path = Myron/MacOS/MyronView.h; sourceTree = "<group>"; };
		769AC32914A37170005430D6 /* MyronView.mm */ = {isa = PBXFileReference; fileEncoding = 4; lastKnownFileType = sourcecode.cpp.objcpp; name = MyronView.mm; path = Myron/MacOS/MyronView.mm; sourceTree = "<group>"; };
/* End PBXFileReference section */

/* Begin PBXFrameworksBuildPhase section */
		76675FB9149C533800EBA3A4 /* Frameworks */ = {
			isa = PBXFrameworksBuildPhase;
			buildActionMask = 2147483647;
			files = (
				76711B9D14A10A51003A190E /* OpenGL.framework in Frameworks */,
				76711B9A14A10A48003A190E /* CoreVideo.framework in Frameworks */,
				76675FC1149C533800EBA3A4 /* Cocoa.framework in Frameworks */,
			);
			runOnlyForDeploymentPostprocessing = 0;
		};
/* End PBXFrameworksBuildPhase section */

/* Begin PBXGroup section */
		76675FB1149C533800EBA3A4 = {
			isa = PBXGroup;
			children = (
				76675FDD149C534700EBA3A4 /* Myron Library */,
				76675FC6149C533800EBA3A4 /* Myron */,
				76675FBF149C533800EBA3A4 /* Frameworks */,
				76675FBD149C533800EBA3A4 /* Products */,
			);
			sourceTree = "<group>";
		};
		76675FBD149C533800EBA3A4 /* Products */ = {
			isa = PBXGroup;
			children = (
				76675FBC149C533800EBA3A4 /* Myron.app */,
			);
			name = Products;
			sourceTree = "<group>";
		};
		76675FBF149C533800EBA3A4 /* Frameworks */ = {
			isa = PBXGroup;
			children = (
				76711B9C14A10A51003A190E /* OpenGL.framework */,
				76711B9914A10A48003A190E /* CoreVideo.framework */,
				76675FC0149C533800EBA3A4 /* Cocoa.framework */,
				76675FC2149C533800EBA3A4 /* Other Frameworks */,
			);
			name = Frameworks;
			sourceTree = "<group>";
		};
		76675FC2149C533800EBA3A4 /* Other Frameworks */ = {
			isa = PBXGroup;
			children = (
				76675FC3149C533800EBA3A4 /* AppKit.framework */,
				76675FC4149C533800EBA3A4 /* CoreData.framework */,
				76675FC5149C533800EBA3A4 /* Foundation.framework */,
			);
			name = "Other Frameworks";
			sourceTree = "<group>";
		};
		76675FC6149C533800EBA3A4 /* Myron */ = {
			isa = PBXGroup;
			children = (
				76675FE6149C62BD00EBA3A4 /* main.cpp */,
				76675FC8149C533800EBA3A4 /* Myron-Info.plist */,
			);
			path = Myron;
			sourceTree = "<group>";
		};
		76675FDD149C534700EBA3A4 /* Myron Library */ = {
			isa = PBXGroup;
			children = (
				766F66AB14A01ECC003D5ACA /* Mac */,
				76675FDE149C535600EBA3A4 /* Myron.h */,
				7643087514AF9C5900327276 /* Myron.cpp */,
			);
			name = "Myron Library";
			sourceTree = "<group>";
		};
		766F66AB14A01ECC003D5ACA /* Mac */ = {
			isa = PBXGroup;
			children = (
				76675FF6149D45CD00EBA3A4 /* Myron-Mac.h */,
				76675FDF149C536700EBA3A4 /* Myron-Mac.mm */,
				76675FF2149D390000EBA3A4 /* NSApp.mm */,
				76675FF5149D458F00EBA3A4 /* NSApp.h */,
				76675FF7149D5E2700EBA3A4 /* NSApp-Menus.h */,
				76675FF8149D5EE200EBA3A4 /* NSApp-Menus.mm */,
				769AC32814A37170005430D6 /* MyronView.h */,
				769AC32914A37170005430D6 /* MyronView.mm */,
			);
			name = Mac;
			sourceTree = "<group>";
		};
/* End PBXGroup section */

/* Begin PBXNativeTarget section */
		76675FBB149C533800EBA3A4 /* Myron */ = {
			isa = PBXNativeTarget;
			buildConfigurationList = 76675FDA149C533800EBA3A4 /* Build configuration list for PBXNativeTarget "Myron" */;
			buildPhases = (
				76675FB8149C533800EBA3A4 /* Sources */,
				76675FB9149C533800EBA3A4 /* Frameworks */,
				76675FBA149C533800EBA3A4 /* Resources */,
			);
			buildRules = (
			);
			dependencies = (
			);
			name = Myron;
			productName = Myron;
			productReference = 76675FBC149C533800EBA3A4 /* Myron.app */;
			productType = "com.apple.product-type.application";
		};
/* End PBXNativeTarget section */

/* Begin PBXProject section */
		76675FB3149C533800EBA3A4 /* Project object */ = {
			isa = PBXProject;
			attributes = {
				LastUpgradeCheck = 0420;
			};
			buildConfigurationList = 76675FB6149C533800EBA3A4 /* Build configuration list for PBXProject "Myron" */;
			compatibilityVersion = "Xcode 3.2";
			developmentRegion = English;
			hasScannedForEncodings = 0;
			knownRegions = (
				en,
			);
			mainGroup = 76675FB1149C533800EBA3A4;
			productRefGroup = 76675FBD149C533800EBA3A4 /* Products */;
			projectDirPath = "";
			projectRoot = "";
			targets = (
				76675FBB149C533800EBA3A4 /* Myron */,
			);
		};
/* End PBXProject section */

/* Begin PBXResourcesBuildPhase section */
		76675FBA149C533800EBA3A4 /* Resources */ = {
			isa = PBXResourcesBuildPhase;
			buildActionMask = 2147483647;
			files = (
			);
			runOnlyForDeploymentPostprocessing = 0;
		};
/* End PBXResourcesBuildPhase section */

/* Begin PBXSourcesBuildPhase section */
		76675FB8149C533800EBA3A4 /* Sources */ = {
			isa = PBXSourcesBuildPhase;
			buildActionMask = 2147483647;
			files = (
				76675FE0149C536700EBA3A4 /* Myron-Mac.mm in Sources */,
				766F66AA149FB85F003D5ACA /* NSApp-Menus.mm in Sources */,
				76675FE7149C62BD00EBA3A4 /* main.cpp in Sources */,
				76675FF3149D390000EBA3A4 /* NSApp.mm in Sources */,
				769AC32A14A37170005430D6 /* MyronView.mm in Sources */,
				7643087614AF9C5900327276 /* Myron.cpp in Sources */,
			);
			runOnlyForDeploymentPostprocessing = 0;
		};
/* End PBXSourcesBuildPhase section */

/* Begin XCBuildConfiguration section */
		76675FD8149C533800EBA3A4 /* Debug */ = {
			isa = XCBuildConfiguration;
			buildSettings = {
				ALWAYS_SEARCH_USER_PATHS = NO;
				ARCHS = "$(ARCHS_STANDARD_32_64_BIT)";
				CLANG_ENABLE_OBJC_ARC = YES;
				COPY_PHASE_STRIP = NO;
				GCC_C_LANGUAGE_STANDARD = gnu99;
				GCC_DYNAMIC_NO_PIC = NO;
				GCC_ENABLE_OBJC_EXCEPTIONS = YES;
				GCC_OPTIMIZATION_LEVEL = 0;
				GCC_PREPROCESSOR_DEFINITIONS = (
					"DEBUG=1",
					"$(inherited)",
				);
				GCC_SYMBOLS_PRIVATE_EXTERN = NO;
				GCC_VERSION = com.apple.compilers.llvm.clang.1_0;
				GCC_WARN_64_TO_32_BIT_CONVERSION = YES;
				GCC_WARN_ABOUT_MISSING_PROTOTYPES = YES;
				GCC_WARN_ABOUT_RETURN_TYPE = YES;
				GCC_WARN_UNUSED_VARIABLE = YES;
				MACOSX_DEPLOYMENT_TARGET = 10.7;
				ONLY_ACTIVE_ARCH = YES;
				SDKROOT = macosx;
			};
			name = Debug;
		};
		76675FD9149C533800EBA3A4 /* Release */ = {
			isa = XCBuildConfiguration;
			buildSettings = {
				ALWAYS_SEARCH_USER_PATHS = NO;
				ARCHS = "$(ARCHS_STANDARD_32_64_BIT)";
				CLANG_ENABLE_OBJC_ARC = YES;
				COPY_PHASE_STRIP = YES;
				DEBUG_INFORMATION_FORMAT = "dwarf-with-dsym";
				GCC_C_LANGUAGE_STANDARD = gnu99;
				GCC_ENABLE_OBJC_EXCEPTIONS = YES;
				GCC_VERSION = com.apple.compilers.llvm.clang.1_0;
				GCC_WARN_64_TO_32_BIT_CONVERSION = YES;
				GCC_WARN_ABOUT_MISSING_PROTOTYPES = YES;
				GCC_WARN_ABOUT_RETURN_TYPE = YES;
				GCC_WARN_UNUSED_VARIABLE = YES;
				MACOSX_DEPLOYMENT_TARGET = 10.7;
				SDKROOT = macosx;
			};
			name = Release;
		};
		76675FDB149C533800EBA3A4 /* Debug */ = {
			isa = XCBuildConfiguration;
			buildSettings = {
				CLANG_CXX_LANGUAGE_STANDARD = "c++0x";
				CLANG_CXX_LIBRARY = "libc++";
				GCC_C_LANGUAGE_STANDARD = c99;
				GCC_PRECOMPILE_PREFIX_HEADER = NO;
				INFOPLIST_FILE = "Myron/MacOS/Myron-Info.plist";
				PRODUCT_NAME = "$(TARGET_NAME)";
				WRAPPER_EXTENSION = app;
			};
			name = Debug;
		};
		76675FDC149C533800EBA3A4 /* Release */ = {
			isa = XCBuildConfiguration;
			buildSettings = {
				CLANG_CXX_LANGUAGE_STANDARD = "c++0x";
				CLANG_CXX_LIBRARY = "libc++";
				GCC_C_LANGUAGE_STANDARD = c99;
				GCC_PRECOMPILE_PREFIX_HEADER = NO;
				INFOPLIST_FILE = "Myron/MacOS/Myron-Info.plist";
				PRODUCT_NAME = "$(TARGET_NAME)";
				WRAPPER_EXTENSION = app;
			};
			name = Release;
		};
/* End XCBuildConfiguration section */

/* Begin XCConfigurationList section */
		76675FB6149C533800EBA3A4 /* Build configuration list for PBXProject "Myron" */ = {
			isa = XCConfigurationList;
			buildConfigurations = (
				76675FD8149C533800EBA3A4 /* Debug */,
				76675FD9149C533800EBA3A4 /* Release */,
			);
			defaultConfigurationIsVisible = 0;
			defaultConfigurationName = Release;
		};
		76675FDA149C533800EBA3A4 /* Build configuration list for PBXNativeTarget "Myron" */ = {
			isa = XCConfigurationList;
			buildConfigurations = (
				76675FDB149C533800EBA3A4 /* Debug */,
				76675FDC149C533800EBA3A4 /* Release */,
			);
			defaultConfigurationIsVisible = 0;
			defaultConfigurationName = Release;
		};
/* End XCConfigurationList section */
	};
	rootObject = 76675FB3149C533800EBA3A4 /* Project object */;
}
